
Microsoft Visual Studio Solution File, Format Version 11.00
# Visual Studio 2010
Project("{FAE04EC0-301F-11D3-BF4B-00C04F79EFBC}") = "Assembly-CSharp", "Assembly-CSharp.csproj", "{2735B37C-79D9-B9F9-7A8F-659AAE8310C7}"
EndProject
Project("{FAE04EC0-301F-11D3-BF4B-00C04F79EFBC}") = "Assembly-CSharp-firstpass", "Assembly-CSharp-firstpass.csproj", "{CC87A581-B8A8-5C93-8AA8-A76D8DCD235D}"
EndProject
Project("{FAE04EC0-301F-11D3-BF4B-00C04F79EFBC}") = "Assembly-CSharp-Editor", "Assembly-CSharp-Editor.csproj", "{9B2F6320-D75D-DE6D-6FB1-59281E193B31}"
EndProject
Global
	GlobalSection(SolutionConfigurationPlatforms) = preSolution
		Debug|Any CPU = Debug|Any CPU
		Release|Any CPU = Release|Any CPU
	EndGlobalSection
	GlobalSection(ProjectConfigurationPlatforms) = postSolution
		{2735B37C-79D9-B9F9-7A8F-659AAE8310C7}.Debug|Any CPU.ActiveCfg = Debug|Any CPU
		{2735B37C-79D9-B9F9-7A8F-659AAE8310C7}.Debug|Any CPU.Build.0 = Debug|Any CPU
		{2735B37C-79D9-B9F9-7A8F-659AAE8310C7}.Release|Any CPU.ActiveCfg = Release|Any CPU
		{2735B37C-79D9-B9F9-7A8F-659AAE8310C7}.Release|Any CPU.Build.0 = Release|Any CPU
		{CC87A581-B8A8-5C93-8AA8-A76D8DCD235D}.Debug|Any CPU.ActiveCfg = Debug|Any CPU
		{CC87A581-B8A8-5C93-8AA8-A76D8DCD235D}.Debug|Any CPU.Build.0 = Debug|Any CPU
		{CC87A581-B8A8-5C93-8AA8-A76D8DCD235D}.Release|Any CPU.ActiveCfg = Release|Any CPU
		{CC87A581-B8A8-5C93-8AA8-A76D8DCD235D}.Release|Any CPU.Build.0 = Release|Any CPU
		{9B2F6320-D75D-DE6D-6FB1-59281E193B31}.Debug|Any CPU.ActiveCfg = Debug|Any CPU
		{9B2F6320-D75D-DE6D-6FB1-59281E193B31}.Debug|Any CPU.Build.0 = Debug|Any CPU
		{9B2F6320-D75D-DE6D-6FB1-59281E193B31}.Release|Any CPU.ActiveCfg = Release|Any CPU
		{9B2F6320-D75D-DE6D-6FB1-59281E193B31}.Release|Any CPU.Build.0 = Release|Any CPU
	EndGlobalSection
	GlobalSection(SolutionProperties) = preSolution
		HideSolutionNode = FALSE
	EndGlobalSection
	GlobalSection(MonoDevelopProperties) = preSolution
		StartupItem = Assembly-CSharp.csproj
	EndGlobalSection
EndGlobal
